// !$*UTF8*$!
{
	archiveVersion = 1;
	classes = {
	};
	objectVersion = 56;
	objects = {

/* Begin PBXBuildFile section */
		891460B2292C6FCA007A8402 /* AppDelegate.m in Sources */ = {isa = PBXBuildFile; fileRef = 891460B1292C6FCA007A8402 /* AppDelegate.m */; };
		891460B5292C6FCA007A8402 /* SceneDelegate.m in Sources */ = {isa = PBXBuildFile; fileRef = 891460B4292C6FCA007A8402 /* SceneDelegate.m */; };
		891460BB292C6FCA007A8402 /* Main.storyboard in Resources */ = {isa = PBXBuildFile; fileRef = 891460B9292C6FCA007A8402 /* Main.storyboard */; };
		891460BD292C6FCC007A8402 /* Assets.xcassets in Resources */ = {isa = PBXBuildFile; fileRef = 891460BC292C6FCC007A8402 /* Assets.xcassets */; };
		891460C0292C6FCC007A8402 /* LaunchScreen.storyboard in Resources */ = {isa = PBXBuildFile; fileRef = 891460BE292C6FCC007A8402 /* LaunchScreen.storyboard */; };
		891460C3292C6FCC007A8402 /* main.m in Sources */ = {isa = PBXBuildFile; fileRef = 891460C2292C6FCC007A8402 /* main.m */; };
		891460CB292C87CB007A8402 /* FirstViewController.m in Sources */ = {isa = PBXBuildFile; fileRef = 891460CA292C87CB007A8402 /* FirstViewController.m */; };
		891460CE292C8986007A8402 /* SecondViewController.m in Sources */ = {isa = PBXBuildFile; fileRef = 891460CD292C8986007A8402 /* SecondViewController.m */; };
		891460D1292C899F007A8402 /* ThirdViewController.m in Sources */ = {isa = PBXBuildFile; fileRef = 891460D0292C899F007A8402 /* ThirdViewController.m */; };
/* End PBXBuildFile section */

/* Begin PBXFileReference section */
		891460AD292C6FCA007A8402 /* TabbarEx.app */ = {isa = PBXFileReference; explicitFileType = wrapper.application; includeInIndex = 0; path = TabbarEx.app; sourceTree = BUILT_PRODUCTS_DIR; };
		891460B0292C6FCA007A8402 /* AppDelegate.h */ = {isa = PBXFileReference; lastKnownFileType = sourcecode.c.h; path = AppDelegate.h; sourceTree = "<group>"; };
		891460B1292C6FCA007A8402 /* AppDelegate.m */ = {isa = PBXFileReference; lastKnownFileType = sourcecode.c.objc; path = AppDelegate.m; sourceTree = "<group>"; };
		891460B3292C6FCA007A8402 /* SceneDelegate.h */ = {isa = PBXFileReference; lastKnownFileType = sourcecode.c.h; path = SceneDelegate.h; sourceTree = "<group>"; };
		891460B4292C6FCA007A8402 /* SceneDelegate.m */ = {isa = PBXFileReference; lastKnownFileType = sourcecode.c.objc; path = SceneDelegate.m; sourceTree = "<group>"; };
		891460BA292C6FCA007A8402 /* Base */ = {isa = PBXFileReference; lastKnownFileType = file.storyboard; name = Base; path = Base.lproj/Main.storyboard; sourceTree = "<group>"; };
		891460BC292C6FCC007A8402 /* Assets.xcassets */ = {isa = PBXFileReference; lastKnownFileType = folder.assetcatalog; path = Assets.xcassets; sourceTree = "<group>"; };
		891460BF292C6FCC007A8402 /* Base */ = {isa = PBXFileReference; lastKnownFileType = file.storyboard; name = Base; path = Base.lproj/LaunchScreen.storyboard; sourceTree = "<group>"; };
		891460C1292C6FCC007A8402 /* Info.plist */ = {isa = PBXFileReference; lastKnownFileType = text.plist.xml; path = Info.plist; sourceTree = "<group>"; };
		891460C2292C6FCC007A8402 /* main.m */ = {isa = PBXFileReference; lastKnownFileType = sourcecode.c.objc; path = main.m; sourceTree = "<group>"; };
		891460C9292C87CB007A8402 /* FirstViewController.h */ = {isa = PBXFileReference; lastKnownFileType = sourcecode.c.h; path = FirstViewController.h; sourceTree = "<group>"; };
		891460CA292C87CB007A8402 /* FirstViewController.m */ = {isa = PBXFileReference; lastKnownFileType = sourcecode.c.objc; path = FirstViewController.m; sourceTree = "<group>"; };
		891460CC292C8986007A8402 /* SecondViewController.h */ = {isa = PBXFileReference; lastKnownFileType = sourcecode.c.h; path = SecondViewController.h; sourceTree = "<group>"; };
		891460CD292C8986007A8402 /* SecondViewController.m */ = {isa = PBXFileReference; lastKnownFileType = sourcecode.c.objc; path = SecondViewController.m; sourceTree = "<group>"; };
		891460CF292C899F007A8402 /* ThirdViewController.h */ = {isa = PBXFileReference; lastKnownFileType = sourcecode.c.h; path = ThirdViewController.h; sourceTree = "<group>"; };
		891460D0292C899F007A8402 /* ThirdViewController.m */ = {isa = PBXFileReference; lastKnownFileType = sourcecode.c.objc; path = ThirdViewController.m; sourceTree = "<group>"; };
/* End PBXFileReference section */

/* Begin PBXFrameworksBuildPhase section */
		891460AA292C6FCA007A8402 /* Frameworks */ = {
			isa = PBXFrameworksBuildPhase;
			buildActionMask = 2147483647;
			files = (
			);
			runOnlyForDeploymentPostprocessing = 0;
		};
/* End PBXFrameworksBuildPhase section */

/* Begin PBXGroup section */
		891460A4292C6FCA007A8402 = {
			isa = PBXGroup;
			children = (
				891460AF292C6FCA007A8402 /* TabbarEx */,
				891460AE292C6FCA007A8402 /* Products */,
			);
			sourceTree = "<group>";
		};
		891460AE292C6FCA007A8402 /* Products */ = {
			isa = PBXGroup;
			children = (
				891460AD292C6FCA007A8402 /* TabbarEx.app */,
			);
			name = Products;
			sourceTree = "<group>";
		};
		891460AF292C6FCA007A8402 /* TabbarEx */ = {
			isa = PBXGroup;
			children = (
				891460B0292C6FCA007A8402 /* AppDelegate.h */,
				891460B1292C6FCA007A8402 /* AppDelegate.m */,
				891460B3292C6FCA007A8402 /* SceneDelegate.h */,
				891460B4292C6FCA007A8402 /* SceneDelegate.m */,
				891460B9292C6FCA007A8402 /* Main.storyboard */,
				891460CC292C8986007A8402 /* SecondViewController.h */,
				891460CD292C8986007A8402 /* SecondViewController.m */,
				891460CF292C899F007A8402 /* ThirdViewController.h */,
				891460D0292C899F007A8402 /* ThirdViewController.m */,
				891460C9292C87CB007A8402 /* FirstViewController.h */,
				891460CA292C87CB007A8402 /* FirstViewController.m */,
				891460BC292C6FCC007A8402 /* Assets.xcassets */,
				891460BE292C6FCC007A8402 /* LaunchScreen.storyboard */,
				891460C1292C6FCC007A8402 /* Info.plist */,
				891460C2292C6FCC007A8402 /* main.m */,
			);
			path = TabbarEx;
			sourceTree = "<group>";
		};
/* End PBXGroup section */

/* Begin PBXNativeTarget section */
		891460AC292C6FCA007A8402 /* TabbarEx */ = {
			isa = PBXNativeTarget;
			buildConfigurationList = 891460C6292C6FCC007A8402 /* Build configuration list for PBXNativeTarget "TabbarEx" */;
			buildPhases = (
				891460A9292C6FCA007A8402 /* Sources */,
				891460AA292C6FCA007A8402 /* Frameworks */,
				891460AB292C6FCA007A8402 /* Resources */,
			);
			buildRules = (
			);
			dependencies = (
			);
			name = TabbarEx;
			productName = TabbarEx;
			productReference = 891460AD292C6FCA007A8402 /* TabbarEx.app */;
			productType = "com.apple.product-type.application";
		};
/* End PBXNativeTarget section */

/* Begin PBXProject section */
		891460A5292C6FCA007A8402 /* Project object */ = {
			isa = PBXProject;
			attributes = {
				BuildIndependentTargetsInParallel = 1;
				LastUpgradeCheck = 1410;
				TargetAttributes = {
					891460AC292C6FCA007A8402 = {
						CreatedOnToolsVersion = 14.1;
					};
				};
			};
			buildConfigurationList = 891460A8292C6FCA007A8402 /* Build configuration list for PBXProject "TabbarEx" */;
			compatibilityVersion = "Xcode 14.0";
			developmentRegion = en;
			hasScannedForEncodings = 0;
			knownRegions = (
				en,
				Base,
			);
			mainGroup = 891460A4292C6FCA007A8402;
			productRefGroup = 891460AE292C6FCA007A8402 /* Products */;
			projectDirPath = "";
			projectRoot = "";
			targets = (
				891460AC292C6FCA007A8402 /* TabbarEx */,
			);
		};
/* End PBXProject section */

/* Begin PBXResourcesBuildPhase section */
		891460AB292C6FCA007A8402 /* Resources */ = {
			isa = PBXResourcesBuildPhase;
			buildActionMask = 2147483647;
			files = (
				891460C0292C6FCC007A8402 /* LaunchScreen.storyboard in Resources */,
				891460BD292C6FCC007A8402 /* Assets.xcassets in Resources */,
				891460BB292C6FCA007A8402 /* Main.storyboard in Resources */,
			);
			runOnlyForDeploymentPostprocessing = 0;
		};
/* End PBXResourcesBuildPhase section */

/* Begin PBXSourcesBuildPhase section */
		891460A9292C6FCA007A8402 /* Sources */ = {
			isa = PBXSourcesBuildPhase;
			buildActionMask = 2147483647;
			files = (
				891460CE292C8986007A8402 /* SecondViewController.m in Sources */,
				891460B2292C6FCA007A8402 /* AppDelegate.m in Sources */,
				891460D1292C899F007A8402 /* ThirdViewController.m in Sources */,
				891460C3292C6FCC007A8402 /* main.m in Sources */,
				891460B5292C6FCA007A8402 /* SceneDelegate.m in Sources */,
				891460CB292C87CB007A8402 /* FirstViewController.m in Sources */,
			);
			runOnlyForDeploymentPostprocessing = 0;
		};
/* End PBXSourcesBuildPhase section */

/* Begin PBXVariantGroup section */
		891460B9292C6FCA007A8402 /* Main.storyboard */ = {
			isa = PBXVariantGroup;
			children = (
				891460BA292C6FCA007A8402 /* Base */,
			);
			name = Main.storyboard;
			sourceTree = "<group>";
		};
		891460BE292C6FCC007A8402 /* LaunchScreen.storyboard */ = {
			isa = PBXVariantGroup;
			children = (
				891460BF292C6FCC007A8402 /* Base */,
			);
			name = LaunchScreen.storyboard;
			sourceTree = "<group>";
		};
/* End PBXVariantGroup section */

/* Begin XCBuildConfiguration section */
		891460C4292C6FCC007A8402 /* Debug */ = {
			isa = XCBuildConfiguration;
			buildSettings = {
				ALWAYS_SEARCH_USER_PATHS = NO;
				CLANG_ANALYZER_NONNULL = YES;
				CLANG_ANALYZER_NUMBER_OBJECT_CONVERSION = YES_AGGRESSIVE;
				CLANG_CXX_LANGUAGE_STANDARD = "gnu++20";
				CLANG_ENABLE_MODULES = YES;
				CLANG_ENABLE_OBJC_ARC = YES;
				CLANG_ENABLE_OBJC_WEAK = YES;
				CLANG_WARN_BLOCK_CAPTURE_AUTORELEASING = YES;
				CLANG_WARN_BOOL_CONVERSION = YES;
				CLANG_WARN_COMMA = YES;
				CLANG_WARN_CONSTANT_CONVERSION = YES;
				CLANG_WARN_DEPRECATED_OBJC_IMPLEMENTATIONS = YES;
				CLANG_WARN_DIRECT_OBJC_ISA_USAGE = YES_ERROR;
				CLANG_WARN_DOCUMENTATION_COMMENTS = YES;
				CLANG_WARN_EMPTY_BODY = YES;
				CLANG_WARN_ENUM_CONVERSION = YES;
				CLANG_WARN_INFINITE_RECURSION = YES;
				CLANG_WARN_INT_CONVERSION = YES;
				CLANG_WARN_NON_LITERAL_NULL_CONVERSION = YES;
				CLANG_WARN_OBJC_IMPLICIT_RETAIN_SELF = YES;
				CLANG_WARN_OBJC_LITERAL_CONVERSION = YES;
				CLANG_WARN_OBJC_ROOT_CLASS = YES_ERROR;
				CLANG_WARN_QUOTED_INCLUDE_IN_FRAMEWORK_HEADER = YES;
				CLANG_WARN_RANGE_LOOP_ANALYSIS = YES;
				CLANG_WARN_STRICT_PROTOTYPES = YES;
				CLANG_WARN_SUSPICIOUS_MOVE = YES;
				CLANG_WARN_UNGUARDED_AVAILABILITY = YES_AGGRESSIVE;
				CLANG_WARN_UNREACHABLE_CODE = YES;
				CLANG_WARN__DUPLICATE_METHOD_MATCH = YES;
				COPY_PHASE_STRIP = NO;
				DEBUG_INFORMATION_FORMAT = dwarf;
				ENABLE_STRICT_OBJC_MSGSEND = YES;
				ENABLE_TESTABILITY = YES;
				GCC_C_LANGUAGE_STANDARD = gnu11;
				GCC_DYNAMIC_NO_PIC = NO;
				GCC_NO_COMMON_BLOCKS = YES;
				GCC_OPTIMIZATION_LEVEL = 0;
				GCC_PREPROCESSOR_DEFINITIONS = (
					"DEBUG=1",
					"$(inherited)",
				);
				GCC_WARN_64_TO_32_BIT_CONVERSION = YES;
				GCC_WARN_ABOUT_RETURN_TYPE = YES_ERROR;
				GCC_WARN_UNDECLARED_SELECTOR = YES;
				GCC_WARN_UNINITIALIZED_AUTOS = YES_AGGRESSIVE;
				GCC_WARN_UNUSED_FUNCTION = YES;
				GCC_WARN_UNUSED_VARIABLE = YES;
				IPHONEOS_DEPLOYMENT_TARGET = 16.1;
				MTL_ENABLE_DEBUG_INFO = INCLUDE_SOURCE;
				MTL_FAST_MATH = YES;
				ONLY_ACTIVE_ARCH = YES;
				SDKROOT = iphoneos;
			};
			name = Debug;
		};
		891460C5292C6FCC007A8402 /* Release */ = {
			isa = XCBuildConfiguration;
			buildSettings = {
				ALWAYS_SEARCH_USER_PATHS = NO;
				CLANG_ANALYZER_NONNULL = YES;
				CLANG_ANALYZER_NUMBER_OBJECT_CONVERSION = YES_AGGRESSIVE;
				CLANG_CXX_LANGUAGE_STANDARD = "gnu++20";
				CLANG_ENABLE_MODULES = YES;
				CLANG_ENABLE_OBJC_ARC = YES;
				CLANG_ENABLE_OBJC_WEAK = YES;
				CLANG_WARN_BLOCK_CAPTURE_AUTORELEASING = YES;
				CLANG_WARN_BOOL_CONVERSION = YES;
				CLANG_WARN_COMMA = YES;
				CLANG_WARN_CONSTANT_CONVERSION = YES;
				CLANG_WARN_DEPRECATED_OBJC_IMPLEMENTATIONS = YES;
				CLANG_WARN_DIRECT_OBJC_ISA_USAGE = YES_ERROR;
				CLANG_WARN_DOCUMENTATION_COMMENTS = YES;
				CLANG_WARN_EMPTY_BODY = YES;
				CLANG_WARN_ENUM_CONVERSION = YES;
				CLANG_WARN_INFINITE_RECURSION = YES;
				CLANG_WARN_INT_CONVERSION = YES;
				CLANG_WARN_NON_LITERAL_NULL_CONVERSION = YES;
				CLANG_WARN_OBJC_IMPLICIT_RETAIN_SELF = YES;
				CLANG_WARN_OBJC_LITERAL_CONVERSION = YES;
				CLANG_WARN_OBJC_ROOT_CLASS = YES_ERROR;
				CLANG_WARN_QUOTED_INCLUDE_IN_FRAMEWORK_HEADER = YES;
				CLANG_WARN_RANGE_LOOP_ANALYSIS = YES;
				CLANG_WARN_STRICT_PROTOTYPES = YES;
				CLANG_WARN_SUSPICIOUS_MOVE = YES;
				CLANG_WARN_UNGUARDED_AVAILABILITY = YES_AGGRESSIVE;
				CLANG_WARN_UNREACHABLE_CODE = YES;
				CLANG_WARN__DUPLICATE_METHOD_MATCH = YES;
				COPY_PHASE_STRIP = NO;
				DEBUG_INFORMATION_FORMAT = "dwarf-with-dsym";
				ENABLE_NS_ASSERTIONS = NO;
				ENABLE_STRICT_OBJC_MSGSEND = YES;
				GCC_C_LANGUAGE_STANDARD = gnu11;
				GCC_NO_COMMON_BLOCKS = YES;
				GCC_WARN_64_TO_32_BIT_CONVERSION = YES;
				GCC_WARN_ABOUT_RETURN_TYPE = YES_ERROR;
				GCC_WARN_UNDECLARED_SELECTOR = YES;
				GCC_WARN_UNINITIALIZED_AUTOS = YES_AGGRESSIVE;
				GCC_WARN_UNUSED_FUNCTION = YES;
				GCC_WARN_UNUSED_VARIABLE = YES;
				IPHONEOS_DEPLOYMENT_TARGET = 16.1;
				MTL_ENABLE_DEBUG_INFO = NO;
				MTL_FAST_MATH = YES;
				SDKROOT = iphoneos;
				VALIDATE_PRODUCT = YES;
			};
			name = Release;
		};
		891460C7292C6FCC007A8402 /* Debug */ = {
			isa = XCBuildConfiguration;
			buildSettings = {
				ASSETCATALOG_COMPILER_APPICON_NAME = AppIcon;
				ASSETCATALOG_COMPILER_GLOBAL_ACCENT_COLOR_NAME = AccentColor;
				CODE_SIGN_STYLE = Automatic;
				CURRENT_PROJECT_VERSION = 1;
				DEVELOPMENT_TEAM = 32K3YP6528;
				GENERATE_INFOPLIST_FILE = YES;
				INFOPLIST_FILE = TabbarEx/Info.plist;
				INFOPLIST_KEY_UIApplicationSupportsIndirectInputEvents = YES;
				INFOPLIST_KEY_UILaunchStoryboardName = LaunchScreen;
				INFOPLIST_KEY_UIMainStoryboardFile = Main;
				INFOPLIST_KEY_UISupportedInterfaceOrientations_iPad = "UIInterfaceOrientationPortrait UIInterfaceOrientationPortraitUpsideDown UIInterfaceOrientationLandscapeLeft UIInterfaceOrientationLandscapeRight";
				INFOPLIST_KEY_UISupportedInterfaceOrientations_iPhone = "UIInterfaceOrientationPortrait UIInterfaceOrientationLandscapeLeft UIInterfaceOrientationLandscapeRight";
				LD_RUNPATH_SEARCH_PATHS = (
					"$(inherited)",
					"@executable_path/Frameworks",
				);
				MARKETING_VERSION = 1.0;
				PRODUCT_BUNDLE_IDENTIFIER = kr.dragon.dreaming.TabbarEx;
				PRODUCT_NAME = "$(TARGET_NAME)";
				SWIFT_EMIT_LOC_STRINGS = YES;
				TARGETED_DEVICE_FAMILY = "1,2";
			};
			name = Debug;
		};
		891460C8292C6FCC007A8402 /* Release */ = {
			isa = XCBuildConfiguration;
			buildSettings = {
				ASSETCATALOG_COMPILER_APPICON_NAME = AppIcon;
				ASSETCATALOG_COMPILER_GLOBAL_ACCENT_COLOR_NAME = AccentColor;
				CODE_SIGN_STYLE = Automatic;
				CURRENT_PROJECT_VERSION = 1;
				DEVELOPMENT_TEAM = 32K3YP6528;
				GENERATE_INFOPLIST_FILE = YES;
				INFOPLIST_FILE = TabbarEx/Info.plist;
				INFOPLIST_KEY_UIApplicationSupportsIndirectInputEvents = YES;
				INFOPLIST_KEY_UILaunchStoryboardName = LaunchScreen;
				INFOPLIST_KEY_UIMainStoryboardFile = Main;
				INFOPLIST_KEY_UISupportedInterfaceOrientations_iPad = "UIInterfaceOrientationPortrait UIInterfaceOrientationPortraitUpsideDown UIInterfaceOrientationLandscapeLeft UIInterfaceOrientationLandscapeRight";
				INFOPLIST_KEY_UISupportedInterfaceOrientations_iPhone = "UIInterfaceOrientationPortrait UIInterfaceOrientationLandscapeLeft UIInterfaceOrientationLandscapeRight";
				LD_RUNPATH_SEARCH_PATHS = (
					"$(inherited)",
					"@executable_path/Frameworks",
				);
				MARKETING_VERSION = 1.0;
				PRODUCT_BUNDLE_IDENTIFIER = kr.dragon.dreaming.TabbarEx;
				PRODUCT_NAME = "$(TARGET_NAME)";
				SWIFT_EMIT_LOC_STRINGS = YES;
				TARGETED_DEVICE_FAMILY = "1,2";
			};
			name = Release;
		};
/* End XCBuildConfiguration section */

/* Begin XCConfigurationList section */
		891460A8292C6FCA007A8402 /* Build configuration list for PBXProject "TabbarEx" */ = {
			isa = XCConfigurationList;
			buildConfigurations = (
				891460C4292C6FCC007A8402 /* Debug */,
				891460C5292C6FCC007A8402 /* Release */,
			);
			defaultConfigurationIsVisible = 0;
			defaultConfigurationName = Release;
		};
		891460C6292C6FCC007A8402 /* Build configuration list for PBXNativeTarget "TabbarEx" */ = {
			isa = XCConfigurationList;
			buildConfigurations = (
				891460C7292C6FCC007A8402 /* Debug */,
				891460C8292C6FCC007A8402 /* Release */,
			);
			defaultConfigurationIsVisible = 0;
			defaultConfigurationName = Release;
		};
/* End XCConfigurationList section */
	};
	rootObject = 891460A5292C6FCA007A8402 /* Project object */;
}
